<?xml version="1.0" encoding="utf-8"?>
<Project ToolsVersion="4.0" xmlns="http://schemas.microsoft.com/developer/msbuild/2003">
  <ItemGroup>
    <Filter Include="소스 파일">
      <UniqueIdentifier>{4FC737F1-C7A5-4376-A066-2A32D752A2FF}</UniqueIdentifier>
      <Extensions>cpp;c;cc;cxx;c++;cppm;ixx;def;odl;idl;hpj;bat;asm;asmx</Extensions>
    </Filter>
    <Filter Include="헤더 파일">
      <UniqueIdentifier>{93995380-89BD-4b04-88EB-625FBE52EBFB}</UniqueIdentifier>
      <Extensions>h;hh;hpp;hxx;h++;hm;inl;inc;ipp;xsd</Extensions>
    </Filter>
    <Filter Include="리소스 파일">
      <UniqueIdentifier>{67DA6AB6-F800-4c08-8B7A-83BB121AAD01}</UniqueIdentifier>
      <Extensions>rc;ico;cur;bmp;dlg;rc2;rct;bin;rgs;gif;jpg;jpeg;jpe;resx;tiff;tif;png;wav;mfcribbon-ms</Extensions>
    </Filter>
  </ItemGroup>
  <ItemGroup>
    <ClCompile Include="..\..\..\..\Desktop\My\대학교\2학년\2학기 알고리즘\그래프 연결리스트\그래프.c">
      <Filter>소스 파일</Filter>
    </ClCompile>
    <ClCompile Include="..\..\..\..\Desktop\My\대학교\2학년\2학기 알고리즘\알고리즘 배열선형큐\알고리즘 배열선형큐\배열선형큐.c">
      <Filter>소스 파일</Filter>
    </ClCompile>
    <ClCompile Include="..\..\..\..\Desktop\My\대학교\2학년\2학기 알고리즘\알고리즘 스택_연결리스트 괄호검사\알고리즘 스택_연결리스트 괄호검사\스택_연결리스트 괄호검사.c">
      <Filter>소스 파일</Filter>
    </ClCompile>
    <ClCompile Include="..\..\..\..\Desktop\My\대학교\2학년\2학기 알고리즘\알고리즘 실습 해시테이블\알고리즘 실습\해시 테이블.c">
      <Filter>소스 파일</Filter>
    </ClCompile>
    <ClCompile Include="..\..\..\..\Desktop\My\대학교\2학년\2학기 알고리즘\알고리즘 연결큐\알고리즘 연결큐\연결큐.c">
      <Filter>소스 파일</Filter>
    </ClCompile>
    <ClCompile Include="..\..\..\..\Desktop\My\대학교\2학년\2학기 알고리즘\알고리즘 응용 배열 괄호검사\알고리즘 응용 배열 괄호검사\스택_응용 배열 괄호검사.cpp">
      <Filter>소스 파일</Filter>
    </ClCompile>
  </ItemGroup>
</Project>